id: gc-1999-04-03-07-gordon-b-hinckley-the-shepherds-of-the-flock
title: The Shepherds of the Flock
date: 1999-04-01
session: 3
sequence: 7
links:
  mp3: https://assets.churchofjesuschrist.org/f678907f32ce11ec83ebeeeeac1e20b365a0d579-64k-en.mp3
speaker:
  id: gordon-b-hinckley
  title:
    full: President of the Church
    short: President
summary: I carry in my heart a deep appreciation for our bishops. I am
  profoundly grateful for the revelation of the Almighty under which this office
  was created and functions.
topics: []
duration: 1136
