id: gc-2021-04-03-01-quentin-l-cook-bishops-shepherds-over-the-lord-s-flock
title: Bishops—Shepherds over the Lord’s Flock
date: 2021-04-01
session: 3
sequence: 1
links:
  mp3: https://assets.churchofjesuschrist.org/na0wu7y7n8ylszqgto2w9rg2yyftg9d8j8rrsn58-32k-en.mp3
speaker:
  id: quentin-l-cook
  title:
    full: Of the Quorum of the Twelve Apostles
    short: Elder
summary: The bishop has a paramount role in serving as a shepherd to guide the
  rising generation to Jesus Christ.
topics: []
duration: 877
